github.com/gomarkdown/markdown v0.0.0-20230322041520-c84983bdbf2a h1:AWZzzFrqyjYlRloN6edwTLTUbKxf5flLXNuTBDm3Ews=
github.com/gomarkdown/markdown v0.0.0-20230322041520-c84983bdbf2a/go.mod h1:JDGcbDT52eL4fju3sZ4TeHGsQwhG9nbDV21aMyhwPoA=
github.com/gomarkdown/mdtohtml v0.0.0-20220720154245-d5126442bcee h1:K0HD10xVzFVXIvi//7xipQpvis/iIBShyjvkD43gs7E=
github.com/gomarkdown/mdtohtml v0.0.0-20220720154245-d5126442bcee/go.mod h1:yQkMXrQ+Kf0W5KUNz8xIh1x14C3Hiyw/2j/zcUaDrwA=
